{
  "pins" : [
    {
      "identity" : "swift-argument-parser",
      "kind" : "remoteSourceControl",
      "location" : "https://github.com/apple/swift-argument-parser",
      "state" : {
        "revision" : "46989693916f56d1186bd59ac15124caef896560",
        "version" : "1.3.1"
      }
    },
    {
      "identity" : "yams",
      "kind" : "remoteSourceControl",
      "location" : "https://github.com/jpsim/Yams.git",
      "state" : {
        "revision" : "8a835d918245ca22f36663dd3862138805d7f707",
        "version" : "5.1.0"
      }
    }
  ],
  "version" : 2
}
